
Microsoft Visual Studio Solution File, Format Version 12.00
# Visual Studio Version 17
VisualStudioVersion = 17.12.35527.113
MinimumVisualStudioVersion = 10.0.40219.1
Project("{FAE04EC0-301F-11D3-BF4B-00C04F79EFBC}") = "Demo", "Demo\Demo.csproj", "{350C0509-E7CC-4512-9C7C-CCBE93CE4874}"
EndProject
Project("{FAE04EC0-301F-11D3-BF4B-00C04F79EFBC}") = "Assigment", "Assigment\Assigment.csproj", "{96ED0CEC-F439-40F9-A797-0EDE6D2C62E7}"
EndProject
Global
	GlobalSection(SolutionConfigurationPlatforms) = preSolution
		Debug|Any CPU = Debug|Any CPU
		Release|Any CPU = Release|Any CPU
	EndGlobalSection
	GlobalSection(ProjectConfigurationPlatforms) = postSolution
		{350C0509-E7CC-4512-9C7C-CCBE93CE4874}.Debug|Any CPU.ActiveCfg = Debug|Any CPU
		{350C0509-E7CC-4512-9C7C-CCBE93CE4874}.Debug|Any CPU.Build.0 = Debug|Any CPU
		{350C0509-E7CC-4512-9C7C-CCBE93CE4874}.Release|Any CPU.ActiveCfg = Release|Any CPU
		{350C0509-E7CC-4512-9C7C-CCBE93CE4874}.Release|Any CPU.Build.0 = Release|Any CPU
		{96ED0CEC-F439-40F9-A797-0EDE6D2C62E7}.Debug|Any CPU.ActiveCfg = Debug|Any CPU
		{96ED0CEC-F439-40F9-A797-0EDE6D2C62E7}.Debug|Any CPU.Build.0 = Debug|Any CPU
		{96ED0CEC-F439-40F9-A797-0EDE6D2C62E7}.Release|Any CPU.ActiveCfg = Release|Any CPU
		{96ED0CEC-F439-40F9-A797-0EDE6D2C62E7}.Release|Any CPU.Build.0 = Release|Any CPU
	EndGlobalSection
	GlobalSection(SolutionProperties) = preSolution
		HideSolutionNode = FALSE
	EndGlobalSection
EndGlobal
